
Microsoft Visual Studio Solution File, Format Version 12.00
# Visual Studio Version 16
VisualStudioVersion = 16.0.29613.14
MinimumVisualStudioVersion = 10.0.40219.1
Project("{FAE04EC0-301F-11D3-BF4B-00C04F79EFBC}") = "HomeWork5", "HomeWork5\HomeWork5.csproj", "{1BA95F26-7B7A-47DD-97B6-F0C5E923C553}"
EndProject
Global
	GlobalSection(SolutionConfigurationPlatforms) = preSolution
		Debug|Any CPU = Debug|Any CPU
		Release|Any CPU = Release|Any CPU
	EndGlobalSection
	GlobalSection(ProjectConfigurationPlatforms) = postSolution
		{1BA95F26-7B7A-47DD-97B6-F0C5E923C553}.Debug|Any CPU.ActiveCfg = Debug|Any CPU
		{1BA95F26-7B7A-47DD-97B6-F0C5E923C553}.Debug|Any CPU.Build.0 = Debug|Any CPU
		{1BA95F26-7B7A-47DD-97B6-F0C5E923C553}.Release|Any CPU.ActiveCfg = Release|Any CPU
		{1BA95F26-7B7A-47DD-97B6-F0C5E923C553}.Release|Any CPU.Build.0 = Release|Any CPU
	EndGlobalSection
	GlobalSection(SolutionProperties) = preSolution
		HideSolutionNode = FALSE
	EndGlobalSection
	GlobalSection(ExtensibilityGlobals) = postSolution
		SolutionGuid = {15638D23-5981-4C94-B326-169AF910205E}
	EndGlobalSection
EndGlobal
